Microsoft Visual Studio Solution File, Format Version 11.00
# Visual Studio 2010
Project("{1C476850-5EE4-FFD6-5F99-30C1E32542A3}") = "OpenChess", "OpenChess.vcxproj", "{617ACFB6-6CF8-8D31-984F-918018D460F6}"
EndProject
Global
	GlobalSection(SolutionConfigurationPlatforms) = preSolution
		Debug|Win32 = Debug|Win32
		Release|Win32 = Release|Win32
	EndGlobalSection
	GlobalSection(ProjectConfigurationPlatforms) = postSolution
		{617ACFB6-6CF8-8D31-984F-918018D460F6}.Debug|Win32.ActiveCfg = Debug|Win32
		{617ACFB6-6CF8-8D31-984F-918018D460F6}.Debug|Win32.Build.0 = Debug|Win32
		{617ACFB6-6CF8-8D31-984F-918018D460F6}.Release|Win32.ActiveCfg = Release|Win32
		{617ACFB6-6CF8-8D31-984F-918018D460F6}.Release|Win32.Build.0 = Release|Win32
	EndGlobalSection
	GlobalSection(SolutionProperties) = preSolution
		HideSolutionNode = FALSE
	EndGlobalSection
EndGlobal
